
Microsoft Visual Studio Solution File, Format Version 12.00
# Visual Studio Version 17
VisualStudioVersion = 17.14.36414.22 d17.14
MinimumVisualStudioVersion = 10.0.40219.1
Project("{FAE04EC0-301F-11D3-BF4B-00C04F79EFBC}") = "MyElectronApp", "MyElectronApp.csproj", "{12A38636-B1E3-FA3A-045D-D767467A347B}"
EndProject
Global
	GlobalSection(SolutionConfigurationPlatforms) = preSolution
		Debug|Any CPU = Debug|Any CPU
		Release|Any CPU = Release|Any CPU
	EndGlobalSection
	GlobalSection(ProjectConfigurationPlatforms) = postSolution
		{12A38636-B1E3-FA3A-045D-D767467A347B}.Debug|Any CPU.ActiveCfg = Debug|Any CPU
		{12A38636-B1E3-FA3A-045D-D767467A347B}.Debug|Any CPU.Build.0 = Debug|Any CPU
		{12A38636-B1E3-FA3A-045D-D767467A347B}.Release|Any CPU.ActiveCfg = Release|Any CPU
		{12A38636-B1E3-FA3A-045D-D767467A347B}.Release|Any CPU.Build.0 = Release|Any CPU
	EndGlobalSection
	GlobalSection(SolutionProperties) = preSolution
		HideSolutionNode = FALSE
	EndGlobalSection
	GlobalSection(ExtensibilityGlobals) = postSolution
		SolutionGuid = {68544F5A-D1BF-407F-B8BE-2CB007108246}
	EndGlobalSection
EndGlobal
